// !$*UTF8*$!
{
	archiveVersion = 1;
	classes = {
	};
	objectVersion = 56;
	objects = {

/* Begin PBXBuildFile section */
		100000000000000000000001 /* main.m in Sources */ = {isa = PBXBuildFile; fileRef = 200000000000000000000001 /* main.m */; };
		100000000000000000000002 /* LaunchScreen.storyboard in Resources */ = {isa = PBXBuildFile; fileRef = 200000000000000000000003 /* LaunchScreen.storyboard */; };
		100000000000000000000003 /* inkline.png in Resources */ = {isa = PBXBuildFile; fileRef = 200000000000000000000004 /* inkline.png */; };
		100000000000000000000004 /* inkline_1024@2x.png in Resources */ = {isa = PBXBuildFile; fileRef = 200000000000000000000005 /* inkline_1024@2x.png */; };
		100000000000000000000005 /* UIKit.framework in Frameworks */ = {isa = PBXBuildFile; fileRef = 200000000000000000000006 /* UIKit.framework */; };
		100000000000000000000006 /* Foundation.framework in Frameworks */ = {isa = PBXBuildFile; fileRef = 200000000000000000000007 /* Foundation.framework */; };
		100000000000000000000007 /* CoreFoundation.framework in Frameworks */ = {isa = PBXBuildFile; fileRef = 200000000000000000000008 /* CoreFoundation.framework */; };
		100000000000000000000008 /* QuartzCore.framework in Frameworks */ = {isa = PBXBuildFile; fileRef = 200000000000000000000009 /* QuartzCore.framework */; };
		100000000000000000000009 /* Metal.framework in Frameworks */ = {isa = PBXBuildFile; fileRef = 20000000000000000000000A /* Metal.framework */; };
		10000000000000000000000A /* libiconv.tbd in Frameworks */ = {isa = PBXBuildFile; fileRef = 20000000000000000000000B /* libiconv.tbd */; };
/* End PBXBuildFile section */

/* Begin PBXFileReference section */
		200000000000000000000001 /* main.m */ = {isa = PBXFileReference; lastKnownFileType = sourcecode.c.objc; path = main.m; sourceTree = "<group>"; };
		200000000000000000000002 /* Info.plist */ = {isa = PBXFileReference; lastKnownFileType = text.plist.xml; path = Info.plist; sourceTree = "<group>"; };
		200000000000000000000003 /* LaunchScreen.storyboard */ = {isa = PBXFileReference; lastKnownFileType = file.storyboard; path = LaunchScreen.storyboard; sourceTree = "<group>"; };
		200000000000000000000004 /* inkline.png */ = {isa = PBXFileReference; lastKnownFileType = image.png; name = inkline.png; path = ../assets/inkline.png; sourceTree = SOURCE_ROOT; };
		200000000000000000000005 /* inkline_1024@2x.png */ = {isa = PBXFileReference; lastKnownFileType = image.png; name = "inkline_1024@2x.png"; path = "../assets/inkline_1024@2x.png"; sourceTree = SOURCE_ROOT; };
		200000000000000000000006 /* UIKit.framework */ = {isa = PBXFileReference; lastKnownFileType = wrapper.framework; name = UIKit.framework; path = System/Library/Frameworks/UIKit.framework; sourceTree = SDKROOT; };
		200000000000000000000007 /* Foundation.framework */ = {isa = PBXFileReference; lastKnownFileType = wrapper.framework; name = Foundation.framework; path = System/Library/Frameworks/Foundation.framework; sourceTree = SDKROOT; };
		200000000000000000000008 /* CoreFoundation.framework */ = {isa = PBXFileReference; lastKnownFileType = wrapper.framework; name = CoreFoundation.framework; path = System/Library/Frameworks/CoreFoundation.framework; sourceTree = SDKROOT; };
		200000000000000000000009 /* QuartzCore.framework */ = {isa = PBXFileReference; lastKnownFileType = wrapper.framework; name = QuartzCore.framework; path = System/Library/Frameworks/QuartzCore.framework; sourceTree = SDKROOT; };
		20000000000000000000000A /* Metal.framework */ = {isa = PBXFileReference; lastKnownFileType = wrapper.framework; name = Metal.framework; path = System/Library/Frameworks/Metal.framework; sourceTree = SDKROOT; };
		20000000000000000000000B /* libiconv.tbd */ = {isa = PBXFileReference; lastKnownFileType = "sourcecode.text-based-dylib-definition"; name = libiconv.tbd; path = usr/lib/libiconv.tbd; sourceTree = SDKROOT; };
		20000000000000000000000C /* Inkline.app */ = {isa = PBXFileReference; explicitFileType = wrapper.application; includeInIndex = 0; path = Inkline.app; sourceTree = BUILT_PRODUCTS_DIR; };
/* End PBXFileReference section */

/* Begin PBXFrameworksBuildPhase section */
		300000000000000000000001 /* Frameworks */ = {
			isa = PBXFrameworksBuildPhase;
			buildActionMask = 2147483647;
			files = (
				100000000000000000000005 /* UIKit.framework in Frameworks */,
				100000000000000000000006 /* Foundation.framework in Frameworks */,
				100000000000000000000007 /* CoreFoundation.framework in Frameworks */,
				100000000000000000000008 /* QuartzCore.framework in Frameworks */,
				100000000000000000000009 /* Metal.framework in Frameworks */,
				10000000000000000000000A /* libiconv.tbd in Frameworks */,
			);
			runOnlyForDeploymentPostprocessing = 0;
		};
/* End PBXFrameworksBuildPhase section */

/* Begin PBXGroup section */
		400000000000000000000001 = {
			isa = PBXGroup;
			children = (
				400000000000000000000002 /* Inkline */,
				400000000000000000000003 /* Frameworks */,
				400000000000000000000004 /* Products */,
			);
			sourceTree = "<group>";
		};
		400000000000000000000002 /* Inkline */ = {
			isa = PBXGroup;
			children = (
				200000000000000000000001 /* main.m */,
				200000000000000000000002 /* Info.plist */,
				200000000000000000000003 /* LaunchScreen.storyboard */,
				200000000000000000000004 /* inkline.png */,
				200000000000000000000005 /* inkline_1024@2x.png */,
			);
			path = Inkline;
			sourceTree = "<group>";
		};
		400000000000000000000003 /* Frameworks */ = {
			isa = PBXGroup;
			children = (
				200000000000000000000006 /* UIKit.framework */,
				200000000000000000000007 /* Foundation.framework */,
				200000000000000000000008 /* CoreFoundation.framework */,
				200000000000000000000009 /* QuartzCore.framework */,
				20000000000000000000000A /* Metal.framework */,
				20000000000000000000000B /* libiconv.tbd */,
			);
			name = Frameworks;
			sourceTree = "<group>";
		};
		400000000000000000000004 /* Products */ = {
			isa = PBXGroup;
			children = (
				20000000000000000000000C /* Inkline.app */,
			);
			name = Products;
			sourceTree = "<group>";
		};
/* End PBXGroup section */

/* Begin PBXNativeTarget section */
		500000000000000000000001 /* Inkline */ = {
			isa = PBXNativeTarget;
			buildConfigurationList = 600000000000000000000002 /* Build configuration list for PBXNativeTarget "Inkline" */;
			buildPhases = (
				300000000000000000000004 /* Build Rust library */,
				300000000000000000000002 /* Sources */,
				300000000000000000000001 /* Frameworks */,
				300000000000000000000003 /* Resources */,
			);
			buildRules = (
			);
			dependencies = (
			);
			name = Inkline;
			productName = Inkline;
			productReference = 20000000000000000000000C /* Inkline.app */;
			productType = "com.apple.product-type.application";
		};
/* End PBXNativeTarget section */

/* Begin PBXProject section */
		500000000000000000000002 /* Project object */ = {
			isa = PBXProject;
			attributes = {
				BuildIndependentTargetsInParallel = YES;
				LastUpgradeCheck = 2700;
				TargetAttributes = {
					500000000000000000000001 = {
						CreatedOnToolsVersion = 27.0;
					};
				};
			};
			buildConfigurationList = 600000000000000000000001 /* Build configuration list for PBXProject "Inkline" */;
			compatibilityVersion = "Xcode 14.0";
			developmentRegion = en;
			hasScannedForEncodings = 0;
			knownRegions = (
				en,
				Base,
			);
			mainGroup = 400000000000000000000001;
			productRefGroup = 400000000000000000000004 /* Products */;
			projectDirPath = "";
			projectRoot = "";
			targets = (
				500000000000000000000001 /* Inkline */,
			);
		};
/* End PBXProject section */

/* Begin PBXResourcesBuildPhase section */
		300000000000000000000003 /* Resources */ = {
			isa = PBXResourcesBuildPhase;
			buildActionMask = 2147483647;
			files = (
				100000000000000000000002 /* LaunchScreen.storyboard in Resources */,
				100000000000000000000003 /* inkline.png in Resources */,
				100000000000000000000004 /* inkline_1024@2x.png in Resources */,
			);
			runOnlyForDeploymentPostprocessing = 0;
		};
/* End PBXResourcesBuildPhase section */

/* Begin PBXShellScriptBuildPhase section */
		300000000000000000000004 /* Build Rust library */ = {
			isa = PBXShellScriptBuildPhase;
			alwaysOutOfDate = 1;
			buildActionMask = 2147483647;
			files = (
			);
			inputPaths = (
			);
			name = "Build Rust library";
			outputPaths = (
				"$(SRCROOT)/../target/$(RUST_TARGET)/$(CARGO_PROFILE_DIR)/libinkline.a",
			);
			runOnlyForDeploymentPostprocessing = 0;
			shellPath = /bin/sh;
			shellScript = "/bin/sh \"${SRCROOT}/build-rust.sh\"\n";
		};
/* End PBXShellScriptBuildPhase section */

/* Begin PBXSourcesBuildPhase section */
		300000000000000000000002 /* Sources */ = {
			isa = PBXSourcesBuildPhase;
			buildActionMask = 2147483647;
			files = (
				100000000000000000000001 /* main.m in Sources */,
			);
			runOnlyForDeploymentPostprocessing = 0;
		};
/* End PBXSourcesBuildPhase section */

/* Begin XCBuildConfiguration section */
		700000000000000000000001 /* Debug */ = {
			isa = XCBuildConfiguration;
			buildSettings = {
				ALWAYS_SEARCH_USER_PATHS = NO;
				CLANG_ENABLE_MODULES = YES;
				CLANG_ENABLE_OBJC_ARC = YES;
				COPY_PHASE_STRIP = NO;
				DEBUG_INFORMATION_FORMAT = dwarf;
				ENABLE_STRICT_OBJC_MSGSEND = YES;
				GCC_C_LANGUAGE_STANDARD = gnu17;
				GCC_OPTIMIZATION_LEVEL = 0;
				IPHONEOS_DEPLOYMENT_TARGET = 16.0;
				ONLY_ACTIVE_ARCH = YES;
				SDKROOT = iphoneos;
			};
			name = Debug;
		};
		700000000000000000000002 /* Release */ = {
			isa = XCBuildConfiguration;
			buildSettings = {
				ALWAYS_SEARCH_USER_PATHS = NO;
				CLANG_ENABLE_MODULES = YES;
				CLANG_ENABLE_OBJC_ARC = YES;
				COPY_PHASE_STRIP = YES;
				DEBUG_INFORMATION_FORMAT = "dwarf-with-dsym";
				ENABLE_NS_ASSERTIONS = NO;
				GCC_C_LANGUAGE_STANDARD = gnu17;
				IPHONEOS_DEPLOYMENT_TARGET = 16.0;
				SDKROOT = iphoneos;
				VALIDATE_PRODUCT = YES;
			};
			name = Release;
		};
		700000000000000000000003 /* Debug */ = {
			isa = XCBuildConfiguration;
			buildSettings = {
				ARCHS = arm64;
				CARGO_PROFILE_DIR = debug;
				CODE_SIGN_STYLE = Automatic;
				CURRENT_PROJECT_VERSION = 2;
				DEVELOPMENT_TEAM = W526R59A9G;
				ENABLE_USER_SCRIPT_SANDBOXING = NO;
				INFOPLIST_FILE = Inkline/Info.plist;
				IPHONEOS_DEPLOYMENT_TARGET = 16.0;
				LD_RUNPATH_SEARCH_PATHS = (
					"$(inherited)",
					"@executable_path/Frameworks",
				);
				MARKETING_VERSION = 0.3.0;
				OTHER_LDFLAGS = (
					"$(inherited)",
					"-force_load",
					"$(SRCROOT)/../target/$(RUST_TARGET)/debug/libinkline.a",
				);
				PRODUCT_BUNDLE_IDENTIFIER = io.github.lichspace.inkline;
				PRODUCT_NAME = "$(TARGET_NAME)";
				RUST_TARGET = "aarch64-apple-ios";
				"RUST_TARGET[sdk=iphonesimulator*]" = "aarch64-apple-ios-sim";
				SUPPORTED_PLATFORMS = "iphoneos iphonesimulator";
				SUPPORTS_MACCATALYST = NO;
				TARGETED_DEVICE_FAMILY = "1,2";
			};
			name = Debug;
		};
		700000000000000000000004 /* Release */ = {
			isa = XCBuildConfiguration;
			buildSettings = {
				ARCHS = arm64;
				CARGO_PROFILE_DIR = release;
				CODE_SIGN_STYLE = Automatic;
				CURRENT_PROJECT_VERSION = 2;
				DEVELOPMENT_TEAM = W526R59A9G;
				ENABLE_USER_SCRIPT_SANDBOXING = NO;
				INFOPLIST_FILE = Inkline/Info.plist;
				IPHONEOS_DEPLOYMENT_TARGET = 16.0;
				LD_RUNPATH_SEARCH_PATHS = (
					"$(inherited)",
					"@executable_path/Frameworks",
				);
				MARKETING_VERSION = 0.3.0;
				OTHER_LDFLAGS = (
					"$(inherited)",
					"-force_load",
					"$(SRCROOT)/../target/$(RUST_TARGET)/release/libinkline.a",
				);
				PRODUCT_BUNDLE_IDENTIFIER = io.github.lichspace.inkline;
				PRODUCT_NAME = "$(TARGET_NAME)";
				RUST_TARGET = "aarch64-apple-ios";
				"RUST_TARGET[sdk=iphonesimulator*]" = "aarch64-apple-ios-sim";
				SUPPORTED_PLATFORMS = "iphoneos iphonesimulator";
				SUPPORTS_MACCATALYST = NO;
				TARGETED_DEVICE_FAMILY = "1,2";
			};
			name = Release;
		};
/* End XCBuildConfiguration section */

/* Begin XCConfigurationList section */
		600000000000000000000001 /* Build configuration list for PBXProject "Inkline" */ = {
			isa = XCConfigurationList;
			buildConfigurations = (
				700000000000000000000001 /* Debug */,
				700000000000000000000002 /* Release */,
			);
			defaultConfigurationIsVisible = 0;
			defaultConfigurationName = Release;
		};
		600000000000000000000002 /* Build configuration list for PBXNativeTarget "Inkline" */ = {
			isa = XCConfigurationList;
			buildConfigurations = (
				700000000000000000000003 /* Debug */,
				700000000000000000000004 /* Release */,
			);
			defaultConfigurationIsVisible = 0;
			defaultConfigurationName = Release;
		};
/* End XCConfigurationList section */
	};
	rootObject = 500000000000000000000002 /* Project object */;
}
